
Microsoft Visual Studio Solution File, Format Version 12.00
# Visual Studio 14
VisualStudioVersion = 14.0.23107.0
MinimumVisualStudioVersion = 10.0.40219.1
Project("{8BC9CEB8-8B4A-11D0-8D11-00A0C91BC942}") = "VersusEngine", "VersusEngine\VersusEngine.vcxproj", "{C562AB90-D638-40E9-BCD4-1A1E875E1EBD}"
EndProject
Global
	GlobalSection(SolutionConfigurationPlatforms) = preSolution
		Debug|x64 = Debug|x64
		Debug|x86 = Debug|x86
		Release|x64 = Release|x64
		Release|x86 = Release|x86
	EndGlobalSection
	GlobalSection(ProjectConfigurationPlatforms) = postSolution
		{C562AB90-D638-40E9-BCD4-1A1E875E1EBD}.Debug|x64.ActiveCfg = Debug|x64
		{C562AB90-D638-40E9-BCD4-1A1E875E1EBD}.Debug|x64.Build.0 = Debug|x64
		{C562AB90-D638-40E9-BCD4-1A1E875E1EBD}.Debug|x86.ActiveCfg = Debug|Win32
		{C562AB90-D638-40E9-BCD4-1A1E875E1EBD}.Debug|x86.Build.0 = Debug|Win32
		{C562AB90-D638-40E9-BCD4-1A1E875E1EBD}.Release|x64.ActiveCfg = Release|x64
		{C562AB90-D638-40E9-BCD4-1A1E875E1EBD}.Release|x64.Build.0 = Release|x64
		{C562AB90-D638-40E9-BCD4-1A1E875E1EBD}.Release|x86.ActiveCfg = Release|Win32
		{C562AB90-D638-40E9-BCD4-1A1E875E1EBD}.Release|x86.Build.0 = Release|Win32
	EndGlobalSection
	GlobalSection(SolutionProperties) = preSolution
		HideSolutionNode = FALSE
	EndGlobalSection
EndGlobal
